
Microsoft Visual Studio Solution File, Format Version 12.00
# Visual Studio Version 17
VisualStudioVersion = 17.1.32210.238
MinimumVisualStudioVersion = 10.0.40219.1
Project("{FAE04EC0-301F-11D3-BF4B-00C04F79EFBC}") = "ParkingApp", "ParkingApp\ParkingApp.csproj", "{800C1503-57FE-4060-AB3A-298F00AE3942}"
EndProject
Global
	GlobalSection(SolutionConfigurationPlatforms) = preSolution
		Debug|Any CPU = Debug|Any CPU
		Release|Any CPU = Release|Any CPU
	EndGlobalSection
	GlobalSection(ProjectConfigurationPlatforms) = postSolution
		{800C1503-57FE-4060-AB3A-298F00AE3942}.Debug|Any CPU.ActiveCfg = Debug|Any CPU
		{800C1503-57FE-4060-AB3A-298F00AE3942}.Debug|Any CPU.Build.0 = Debug|Any CPU
		{800C1503-57FE-4060-AB3A-298F00AE3942}.Release|Any CPU.ActiveCfg = Release|Any CPU
		{800C1503-57FE-4060-AB3A-298F00AE3942}.Release|Any CPU.Build.0 = Release|Any CPU
	EndGlobalSection
	GlobalSection(SolutionProperties) = preSolution
		HideSolutionNode = FALSE
	EndGlobalSection
	GlobalSection(ExtensibilityGlobals) = postSolution
		SolutionGuid = {7323442A-EED9-4E33-8F81-B1A1105A1FD7}
	EndGlobalSection
EndGlobal
